[{<<"clj">>,
  {git,"git://github.com/lfex/clj.git",
       {ref,"2184d0f1459922145b432cfe19ac6147169383d7"}},
  1},
 {<<"color">>,
  {git,"git://github.com/julianduque/erlang-color.git",
       {ref,"e60f6302f795220f5f0bee86391ffee5274edec0"}},
  1},
 {<<"elli">>,
  {git,"git://github.com/knutin/elli.git",
       {ref,"0cae1521190459bdb16958be7350191df710d799"}},
  0},
 {<<"exemplar">>,
  {git,"git://github.com/lfex/exemplar.git",
       {ref,"e92b5473f7d23d39821cbe62ec4bbd9b8a716721"}},
  0},
 {<<"json">>,
  {git,"git://github.com/talentdeficit/json.git",
       {ref,"a053182a58e32c8255d4f00dbf6ad4be50fffe86"}},
  0},
 {<<"jsonfilter">>,
  {git,"git://github.com/talentdeficit/jsonfilter.git",
       {ref,"3e4a09467b9a22ce2c1c9f4af270d71e4ec342a7"}},
  1},
 {<<"jsonpointer">>,
  {git,"git://github.com/talentdeficit/jsonpointer.git",
       {ref,"b6942f06bdaab9f6d25f3906fe245085e70db663"}},
  1},
 {<<"jsx">>,
  {git,"git://github.com/talentdeficit/jsx.git",
       {ref,"3074d4865b3385a050badf7828ad31490d860df5"}},
  1},
 {<<"kla">>,
  {git,"git://github.com/lfex/kla.git",
       {ref,"e9ed980aec9c18b67a8b5f9c22cfebc778282d04"}},
  2},
 {<<"lcfg">>,
  {git,"git://github.com/lfex/lcfg.git",
       {ref,"e76f8402964b3226cbc2af5039c15ddf38dedd01"}},
  1},
 {<<"lfe">>,
  {git,"git://github.com/rvirding/lfe.git",
       {ref,"d7bc80da04aedd0a607f17d8d149eba363872b4b"}},
  0},
 {<<"lhc">>,
  {git,"git://github.com/lfex/lhc.git",
       {ref,"0a771cd49855f42247472d7e739a0f2859424958"}},
  0},
 {<<"ljson">>,
  {git,"git://github.com/lfex/ljson.git",
       {ref,"20b88b61bb6f78584f4079e2fb4a03bf101c3481"}},
  1},
 {<<"ltest">>,
  {git,"git://github.com/lfex/ltest.git",
       {ref,"dd2256a315b107cc0456d82ba378f0a4fbd6751a"}},
  0},
 {<<"lutil">>,
  {git,"git://github.com/lfex/lutil.git",
       {ref,"14fb9f5c5c6360ad7169d9bf68907747b40c0d36"}},
  0},
 {<<"mochiweb">>,
  {git,"git://github.com/mochi/mochiweb.git",
       {ref,"87d6eb15490729698fd192228b8fc963b3777c51"}},
  2}].
